
Microsoft Visual Studio Solution File, Format Version 12.00
# Visual Studio Version 17
VisualStudioVersion = 17.4.33122.133
MinimumVisualStudioVersion = 10.0.40219.1
Project("{9A19103F-16F7-4668-BE54-9A1E7A4F7556}") = "ExtentionMethod", "ExtensionMethod\ExtentionMethod.csproj", "{7977E4E6-C811-47B0-AA4B-1735A56CAC4E}"
EndProject
Project("{9A19103F-16F7-4668-BE54-9A1E7A4F7556}") = "ListAndLINQ", "ListAndLINQ\ListAndLINQ.csproj", "{F87E7926-FDA2-433A-B572-AF55FD10F7F1}"
EndProject
Project("{9A19103F-16F7-4668-BE54-9A1E7A4F7556}") = "HomeWork", "HomeWork\HomeWork.csproj", "{764A3558-A1E9-4245-9938-D4A32F01B91C}"
EndProject
Project("{9A19103F-16F7-4668-BE54-9A1E7A4F7556}") = "GenericClass", "GenericClass\GenericClass.csproj", "{FD0D2D5C-0AC8-49B3-979C-BC1DFA4BA56C}"
EndProject
Project("{9A19103F-16F7-4668-BE54-9A1E7A4F7556}") = "DelegateCSharp", "DelegateCSharp\DelegateCSharp.csproj", "{975E0E6A-9304-4226-808D-036EE0D23DBA}"
EndProject
Project("{9A19103F-16F7-4668-BE54-9A1E7A4F7556}") = "ExeciseOop", "ExeciseOop\ExeciseOop.csproj", "{6C9BF6EE-D3E3-4CDE-BE47-A8E86E77570F}"
EndProject
Project("{9A19103F-16F7-4668-BE54-9A1E7A4F7556}") = "Entity", "Entity\Entity.csproj", "{F1B59662-EF0E-4054-86AF-045FAAE81FC3}"
EndProject
Project("{9A19103F-16F7-4668-BE54-9A1E7A4F7556}") = "FuncAndAction", "FuncAndAction\FuncAndAction.csproj", "{9B35B744-1836-40F3-8589-59C6EB3B407B}"
EndProject
Project("{9A19103F-16F7-4668-BE54-9A1E7A4F7556}") = "UsingTuple", "Tuple\UsingTuple.csproj", "{E594D05B-60A2-4EE7-9CD3-A765D193FD13}"
EndProject
Project("{9A19103F-16F7-4668-BE54-9A1E7A4F7556}") = "WinFormsApp1", "WinFormsApp1\WinFormsApp1.csproj", "{F9D78613-96A7-4073-81CB-A51234FD70CA}"
EndProject
Project("{9A19103F-16F7-4668-BE54-9A1E7A4F7556}") = "WinFormsApp2", "WinFormsApp2\WinFormsApp2.csproj", "{A3417A4D-B66C-47A8-A2F8-F332980E3A97}"
EndProject
Project("{FAE04EC0-301F-11D3-BF4B-00C04F79EFBC}") = "WindowsFormsApp1", "WindowsFormsApp1\WindowsFormsApp1.csproj", "{6D7A6D77-1D20-47EF-AA58-4FC9F2162695}"
EndProject
Project("{FAE04EC0-301F-11D3-BF4B-00C04F79EFBC}") = "WindowsFormsApp2", "WindowsFormsApp2\WindowsFormsApp2.csproj", "{273713D6-BAD7-43B0-89F7-79D1D1E75194}"
EndProject
Global
	GlobalSection(SolutionConfigurationPlatforms) = preSolution
		Debug|Any CPU = Debug|Any CPU
		Release|Any CPU = Release|Any CPU
	EndGlobalSection
	GlobalSection(ProjectConfigurationPlatforms) = postSolution
		{7977E4E6-C811-47B0-AA4B-1735A56CAC4E}.Debug|Any CPU.ActiveCfg = Debug|Any CPU
		{7977E4E6-C811-47B0-AA4B-1735A56CAC4E}.Debug|Any CPU.Build.0 = Debug|Any CPU
		{7977E4E6-C811-47B0-AA4B-1735A56CAC4E}.Release|Any CPU.ActiveCfg = Release|Any CPU
		{7977E4E6-C811-47B0-AA4B-1735A56CAC4E}.Release|Any CPU.Build.0 = Release|Any CPU
		{F87E7926-FDA2-433A-B572-AF55FD10F7F1}.Debug|Any CPU.ActiveCfg = Debug|Any CPU
		{F87E7926-FDA2-433A-B572-AF55FD10F7F1}.Debug|Any CPU.Build.0 = Debug|Any CPU
		{F87E7926-FDA2-433A-B572-AF55FD10F7F1}.Release|Any CPU.ActiveCfg = Release|Any CPU
		{F87E7926-FDA2-433A-B572-AF55FD10F7F1}.Release|Any CPU.Build.0 = Release|Any CPU
		{764A3558-A1E9-4245-9938-D4A32F01B91C}.Debug|Any CPU.ActiveCfg = Debug|Any CPU
		{764A3558-A1E9-4245-9938-D4A32F01B91C}.Debug|Any CPU.Build.0 = Debug|Any CPU
		{764A3558-A1E9-4245-9938-D4A32F01B91C}.Release|Any CPU.ActiveCfg = Release|Any CPU
		{764A3558-A1E9-4245-9938-D4A32F01B91C}.Release|Any CPU.Build.0 = Release|Any CPU
		{FD0D2D5C-0AC8-49B3-979C-BC1DFA4BA56C}.Debug|Any CPU.ActiveCfg = Debug|Any CPU
		{FD0D2D5C-0AC8-49B3-979C-BC1DFA4BA56C}.Debug|Any CPU.Build.0 = Debug|Any CPU
		{FD0D2D5C-0AC8-49B3-979C-BC1DFA4BA56C}.Release|Any CPU.ActiveCfg = Release|Any CPU
		{FD0D2D5C-0AC8-49B3-979C-BC1DFA4BA56C}.Release|Any CPU.Build.0 = Release|Any CPU
		{975E0E6A-9304-4226-808D-036EE0D23DBA}.Debug|Any CPU.ActiveCfg = Debug|Any CPU
		{975E0E6A-9304-4226-808D-036EE0D23DBA}.Debug|Any CPU.Build.0 = Debug|Any CPU
		{975E0E6A-9304-4226-808D-036EE0D23DBA}.Release|Any CPU.ActiveCfg = Release|Any CPU
		{975E0E6A-9304-4226-808D-036EE0D23DBA}.Release|Any CPU.Build.0 = Release|Any CPU
		{6C9BF6EE-D3E3-4CDE-BE47-A8E86E77570F}.Debug|Any CPU.ActiveCfg = Debug|Any CPU
		{6C9BF6EE-D3E3-4CDE-BE47-A8E86E77570F}.Debug|Any CPU.Build.0 = Debug|Any CPU
		{6C9BF6EE-D3E3-4CDE-BE47-A8E86E77570F}.Release|Any CPU.ActiveCfg = Release|Any CPU
		{6C9BF6EE-D3E3-4CDE-BE47-A8E86E77570F}.Release|Any CPU.Build.0 = Release|Any CPU
		{F1B59662-EF0E-4054-86AF-045FAAE81FC3}.Debug|Any CPU.ActiveCfg = Debug|Any CPU
		{F1B59662-EF0E-4054-86AF-045FAAE81FC3}.Debug|Any CPU.Build.0 = Debug|Any CPU
		{F1B59662-EF0E-4054-86AF-045FAAE81FC3}.Release|Any CPU.ActiveCfg = Release|Any CPU
		{F1B59662-EF0E-4054-86AF-045FAAE81FC3}.Release|Any CPU.Build.0 = Release|Any CPU
		{9B35B744-1836-40F3-8589-59C6EB3B407B}.Debug|Any CPU.ActiveCfg = Debug|Any CPU
		{9B35B744-1836-40F3-8589-59C6EB3B407B}.Debug|Any CPU.Build.0 = Debug|Any CPU
		{9B35B744-1836-40F3-8589-59C6EB3B407B}.Release|Any CPU.ActiveCfg = Release|Any CPU
		{9B35B744-1836-40F3-8589-59C6EB3B407B}.Release|Any CPU.Build.0 = Release|Any CPU
		{E594D05B-60A2-4EE7-9CD3-A765D193FD13}.Debug|Any CPU.ActiveCfg = Debug|Any CPU
		{E594D05B-60A2-4EE7-9CD3-A765D193FD13}.Debug|Any CPU.Build.0 = Debug|Any CPU
		{E594D05B-60A2-4EE7-9CD3-A765D193FD13}.Release|Any CPU.ActiveCfg = Release|Any CPU
		{E594D05B-60A2-4EE7-9CD3-A765D193FD13}.Release|Any CPU.Build.0 = Release|Any CPU
		{F9D78613-96A7-4073-81CB-A51234FD70CA}.Debug|Any CPU.ActiveCfg = Debug|Any CPU
		{F9D78613-96A7-4073-81CB-A51234FD70CA}.Debug|Any CPU.Build.0 = Debug|Any CPU
		{F9D78613-96A7-4073-81CB-A51234FD70CA}.Release|Any CPU.ActiveCfg = Release|Any CPU
		{F9D78613-96A7-4073-81CB-A51234FD70CA}.Release|Any CPU.Build.0 = Release|Any CPU
		{A3417A4D-B66C-47A8-A2F8-F332980E3A97}.Debug|Any CPU.ActiveCfg = Debug|Any CPU
		{A3417A4D-B66C-47A8-A2F8-F332980E3A97}.Debug|Any CPU.Build.0 = Debug|Any CPU
		{A3417A4D-B66C-47A8-A2F8-F332980E3A97}.Release|Any CPU.ActiveCfg = Release|Any CPU
		{A3417A4D-B66C-47A8-A2F8-F332980E3A97}.Release|Any CPU.Build.0 = Release|Any CPU
		{6D7A6D77-1D20-47EF-AA58-4FC9F2162695}.Debug|Any CPU.ActiveCfg = Debug|Any CPU
		{6D7A6D77-1D20-47EF-AA58-4FC9F2162695}.Debug|Any CPU.Build.0 = Debug|Any CPU
		{6D7A6D77-1D20-47EF-AA58-4FC9F2162695}.Release|Any CPU.ActiveCfg = Release|Any CPU
		{6D7A6D77-1D20-47EF-AA58-4FC9F2162695}.Release|Any CPU.Build.0 = Release|Any CPU
		{273713D6-BAD7-43B0-89F7-79D1D1E75194}.Debug|Any CPU.ActiveCfg = Debug|Any CPU
		{273713D6-BAD7-43B0-89F7-79D1D1E75194}.Debug|Any CPU.Build.0 = Debug|Any CPU
		{273713D6-BAD7-43B0-89F7-79D1D1E75194}.Release|Any CPU.ActiveCfg = Release|Any CPU
		{273713D6-BAD7-43B0-89F7-79D1D1E75194}.Release|Any CPU.Build.0 = Release|Any CPU
	EndGlobalSection
	GlobalSection(SolutionProperties) = preSolution
		HideSolutionNode = FALSE
	EndGlobalSection
	GlobalSection(ExtensibilityGlobals) = postSolution
		SolutionGuid = {D554FB70-391A-47D3-8FBA-ECA29E5C6F73}
	EndGlobalSection
EndGlobal
